
Microsoft Visual Studio Solution File, Format Version 12.00
# Visual Studio Version 16
VisualStudioVersion = 16.0.29102.190
MinimumVisualStudioVersion = 10.0.40219.1
Project("{FAE04EC0-301F-11D3-BF4B-00C04F79EFBC}") = "WebApiassinmnts", "WebApiassinmnts.csproj", "{294687A8-E282-4E3F-BAF5-B4F06C8B9B22}"
EndProject
Global
	GlobalSection(SolutionConfigurationPlatforms) = preSolution
		Debug|Any CPU = Debug|Any CPU
		Release|Any CPU = Release|Any CPU
	EndGlobalSection
	GlobalSection(ProjectConfigurationPlatforms) = postSolution
		{294687A8-E282-4E3F-BAF5-B4F06C8B9B22}.Debug|Any CPU.ActiveCfg = Debug|Any CPU
		{294687A8-E282-4E3F-BAF5-B4F06C8B9B22}.Debug|Any CPU.Build.0 = Debug|Any CPU
		{294687A8-E282-4E3F-BAF5-B4F06C8B9B22}.Release|Any CPU.ActiveCfg = Release|Any CPU
		{294687A8-E282-4E3F-BAF5-B4F06C8B9B22}.Release|Any CPU.Build.0 = Release|Any CPU
	EndGlobalSection
	GlobalSection(SolutionProperties) = preSolution
		HideSolutionNode = FALSE
	EndGlobalSection
	GlobalSection(ExtensibilityGlobals) = postSolution
		SolutionGuid = {C4677B07-D59B-4C13-A2AF-EDA304932428}
	EndGlobalSection
EndGlobal
